
Microsoft Visual Studio Solution File, Format Version 12.00
Project("{FAE04EC0-301F-11D3-BF4B-00C04F79EFBC}") = "GenericApi", "GenericApi\GenericApi.csproj", "{7FEEE9B9-6DAF-433F-BBE8-A409227C0BD2}"
EndProject
Project("{FAE04EC0-301F-11D3-BF4B-00C04F79EFBC}") = "Mappers", "Mappers\Mappers.csproj", "{91775329-6BEC-444B-B5DD-EDB36F11D370}"
EndProject
Project("{FAE04EC0-301F-11D3-BF4B-00C04F79EFBC}") = "Entities", "Entities\Entities.csproj", "{0A46A2B1-AEC6-412C-8287-AA9DCBB7E258}"
EndProject
Global
	GlobalSection(SolutionConfigurationPlatforms) = preSolution
		Debug|Any CPU = Debug|Any CPU
		Release|Any CPU = Release|Any CPU
	EndGlobalSection
	GlobalSection(ProjectConfigurationPlatforms) = postSolution
		{7FEEE9B9-6DAF-433F-BBE8-A409227C0BD2}.Debug|Any CPU.ActiveCfg = Debug|Any CPU
		{7FEEE9B9-6DAF-433F-BBE8-A409227C0BD2}.Debug|Any CPU.Build.0 = Debug|Any CPU
		{7FEEE9B9-6DAF-433F-BBE8-A409227C0BD2}.Release|Any CPU.ActiveCfg = Release|Any CPU
		{7FEEE9B9-6DAF-433F-BBE8-A409227C0BD2}.Release|Any CPU.Build.0 = Release|Any CPU
		{91775329-6BEC-444B-B5DD-EDB36F11D370}.Debug|Any CPU.ActiveCfg = Debug|Any CPU
		{91775329-6BEC-444B-B5DD-EDB36F11D370}.Debug|Any CPU.Build.0 = Debug|Any CPU
		{91775329-6BEC-444B-B5DD-EDB36F11D370}.Release|Any CPU.ActiveCfg = Release|Any CPU
		{91775329-6BEC-444B-B5DD-EDB36F11D370}.Release|Any CPU.Build.0 = Release|Any CPU
		{0A46A2B1-AEC6-412C-8287-AA9DCBB7E258}.Debug|Any CPU.ActiveCfg = Debug|Any CPU
		{0A46A2B1-AEC6-412C-8287-AA9DCBB7E258}.Debug|Any CPU.Build.0 = Debug|Any CPU
		{0A46A2B1-AEC6-412C-8287-AA9DCBB7E258}.Release|Any CPU.ActiveCfg = Release|Any CPU
		{0A46A2B1-AEC6-412C-8287-AA9DCBB7E258}.Release|Any CPU.Build.0 = Release|Any CPU
	EndGlobalSection
EndGlobal
